
Microsoft Visual Studio Solution File, Format Version 12.00
# Visual Studio 14
VisualStudioVersion = 14.0.25420.1
MinimumVisualStudioVersion = 10.0.40219.1
Project("{FAE04EC0-301F-11D3-BF4B-00C04F79EFBC}") = "PassingDataBetweenTiers.Entities", "PassingDataBetweenTiers\PassingDataBetweenTiers.Entities\PassingDataBetweenTiers.Entities.csproj", "{C8B3C629-CF2F-47B4-88D4-DDBBCEA333A1}"
EndProject
Project("{FAE04EC0-301F-11D3-BF4B-00C04F79EFBC}") = "PassingDataBetweenTiers.DAL", "PassingDataBetweenTiers\PassingDataBetweenTiers.DAL\PassingDataBetweenTiers.DAL.csproj", "{ACB79B9E-E3F6-450C-AA80-1F6871C80044}"
EndProject
Project("{FAE04EC0-301F-11D3-BF4B-00C04F79EFBC}") = "PassingDataBetweenTiers.BL", "PassingDataBetweenTiers\PassingDataBetweenTiers.BL\PassingDataBetweenTiers.BL.csproj", "{D9C0D8B6-B88C-4925-A1C9-006C86F423B5}"
EndProject
Project("{FAE04EC0-301F-11D3-BF4B-00C04F79EFBC}") = "PassingDataBetweenTiers.BL.Test", "PassingDataBetweenTiers\PassingDataBetweenTiers.BL.Test\PassingDataBetweenTiers.BL.Test.csproj", "{9C422B96-3126-49C1-B0C0-0A23249A22C1}"
EndProject
Global
	GlobalSection(SolutionConfigurationPlatforms) = preSolution
		Debug|Any CPU = Debug|Any CPU
		Release|Any CPU = Release|Any CPU
	EndGlobalSection
	GlobalSection(ProjectConfigurationPlatforms) = postSolution
		{C8B3C629-CF2F-47B4-88D4-DDBBCEA333A1}.Debug|Any CPU.ActiveCfg = Debug|Any CPU
		{C8B3C629-CF2F-47B4-88D4-DDBBCEA333A1}.Debug|Any CPU.Build.0 = Debug|Any CPU
		{C8B3C629-CF2F-47B4-88D4-DDBBCEA333A1}.Release|Any CPU.ActiveCfg = Release|Any CPU
		{C8B3C629-CF2F-47B4-88D4-DDBBCEA333A1}.Release|Any CPU.Build.0 = Release|Any CPU
		{ACB79B9E-E3F6-450C-AA80-1F6871C80044}.Debug|Any CPU.ActiveCfg = Debug|Any CPU
		{ACB79B9E-E3F6-450C-AA80-1F6871C80044}.Debug|Any CPU.Build.0 = Debug|Any CPU
		{ACB79B9E-E3F6-450C-AA80-1F6871C80044}.Release|Any CPU.ActiveCfg = Release|Any CPU
		{ACB79B9E-E3F6-450C-AA80-1F6871C80044}.Release|Any CPU.Build.0 = Release|Any CPU
		{D9C0D8B6-B88C-4925-A1C9-006C86F423B5}.Debug|Any CPU.ActiveCfg = Debug|Any CPU
		{D9C0D8B6-B88C-4925-A1C9-006C86F423B5}.Debug|Any CPU.Build.0 = Debug|Any CPU
		{D9C0D8B6-B88C-4925-A1C9-006C86F423B5}.Release|Any CPU.ActiveCfg = Release|Any CPU
		{D9C0D8B6-B88C-4925-A1C9-006C86F423B5}.Release|Any CPU.Build.0 = Release|Any CPU
		{9C422B96-3126-49C1-B0C0-0A23249A22C1}.Debug|Any CPU.ActiveCfg = Debug|Any CPU
		{9C422B96-3126-49C1-B0C0-0A23249A22C1}.Debug|Any CPU.Build.0 = Debug|Any CPU
		{9C422B96-3126-49C1-B0C0-0A23249A22C1}.Release|Any CPU.ActiveCfg = Release|Any CPU
		{9C422B96-3126-49C1-B0C0-0A23249A22C1}.Release|Any CPU.Build.0 = Release|Any CPU
	EndGlobalSection
	GlobalSection(SolutionProperties) = preSolution
		HideSolutionNode = FALSE
	EndGlobalSection
EndGlobal
